PODS:
  - Alamofire (3.3.0)
  - Moya (6.4.0):
    - Moya/Core (= 6.4.0)
  - Moya-ObjectMapper/Core (1.2):
    - Moya (~> 6.3)
    - ObjectMapper (~> 1.2)
  - Moya-ObjectMapper/RxSwift (1.2):
    - Moya-ObjectMapper/Core
    - Moya/RxSwift (~> 6.3)
    - RxSwift (~> 2.2)
  - Moya/Core (6.4.0):
    - Alamofire (~> 3.0)
    - Result (~> 2.0)
  - Moya/RxSwift (6.4.0):
    - Moya/Core
    - RxSwift (~> 2.0)
  - ObjectMapper (1.2.0)
  - Result (2.0.0)
  - RxCocoa (2.3.1):
    - RxSwift (~> 2.3.1)
  - RxDataSources (0.6.2):
    - RxCocoa (~> 2.2)
    - RxSwift (~> 2.2)
  - RxSwift (2.3.1)

DEPENDENCIES:
  - Moya-ObjectMapper/RxSwift (= 1.2)
  - RxCocoa (= 2.3.1)
  - RxDataSources
  - RxSwift

SPEC CHECKSUMS:
  Alamofire: 9054db4a1b1ca9e363223183e01cea380159a27c
  Moya: 4d526954c8afd79820991393d40d7d8af756ceee
  Moya-ObjectMapper: 565c1e9e1e79bdf72e18fa8fa01a0741d042fa34
  ObjectMapper: b1e9c7c8a9f6400b72690c80072c131504caa66f
  Result: 9e75e1111c774c6ac594e14907b15057053a7959
  RxCocoa: a2baaf3462b989559a51dce59d78fbebb8fe0afa
  RxDataSources: 9ae26211019e6afb7391125940d719b4326e94a4
  RxSwift: 829b2843e9eddc77a02cb3f5117f0d55f8f646f1

COCOAPODS: 0.39.0
