// !$*UTF8*$!
{
	archiveVersion = 1;
	classes = {
	};
	objectVersion = 46;
	objects = {

/* Begin PBXBuildFile section */
		0556C45EA46F58BDD6A6FDF7 /* Pods_Spots.framework in Frameworks */ = {isa = PBXBuildFile; fileRef = 7347A442EE628565AE24509C /* Pods_Spots.framework */; };
		EA06CCF81CADF811007F5851 /* AppDelegate.swift in Sources */ = {isa = PBXBuildFile; fileRef = EA06CCF71CADF811007F5851 /* AppDelegate.swift */; };
		EA06CCFD1CADF811007F5851 /* Main.storyboard in Resources */ = {isa = PBXBuildFile; fileRef = EA06CCFB1CADF811007F5851 /* Main.storyboard */; };
		EA06CCFF1CADF811007F5851 /* Assets.xcassets in Resources */ = {isa = PBXBuildFile; fileRef = EA06CCFE1CADF811007F5851 /* Assets.xcassets */; };
		EA06CD021CADF811007F5851 /* LaunchScreen.storyboard in Resources */ = {isa = PBXBuildFile; fileRef = EA06CD001CADF811007F5851 /* LaunchScreen.storyboard */; };
		EA06CD0D1CADF811007F5851 /* SpotsTests.swift in Sources */ = {isa = PBXBuildFile; fileRef = EA06CD0C1CADF811007F5851 /* SpotsTests.swift */; };
		EA06CD291CAE008D007F5851 /* SpotsTableViewController.swift in Sources */ = {isa = PBXBuildFile; fileRef = EA06CD281CAE008D007F5851 /* SpotsTableViewController.swift */; };
		EA06CD2D1CAE7A53007F5851 /* SpotsAPI.swift in Sources */ = {isa = PBXBuildFile; fileRef = EA06CD2C1CAE7A53007F5851 /* SpotsAPI.swift */; };
		EA06CD311CAE7F5B007F5851 /* SpotsResponseModels.swift in Sources */ = {isa = PBXBuildFile; fileRef = EA06CD301CAE7F5B007F5851 /* SpotsResponseModels.swift */; };
		EA2A92781CAEF49D00DAC302 /* ActivityIndicator.swift in Sources */ = {isa = PBXBuildFile; fileRef = EA2A92771CAEF49D00DAC302 /* ActivityIndicator.swift */; };
		EA2A927A1CB1F1F100DAC302 /* SpotsTableViewCell.swift in Sources */ = {isa = PBXBuildFile; fileRef = EA2A92791CB1F1F100DAC302 /* SpotsTableViewCell.swift */; };
		EA2A927C1CB1F26900DAC302 /* SchoolSelection.storyboard in Resources */ = {isa = PBXBuildFile; fileRef = EA2A927B1CB1F26900DAC302 /* SchoolSelection.storyboard */; };
		EA2A927E1CB1F2F900DAC302 /* SpotsSchoolSelectionViewController.swift in Sources */ = {isa = PBXBuildFile; fileRef = EA2A927D1CB1F2F900DAC302 /* SpotsSchoolSelectionViewController.swift */; };
		EA2A92811CB240ED00DAC302 /* SpotsAppearance.swift in Sources */ = {isa = PBXBuildFile; fileRef = EA2A92801CB240ED00DAC302 /* SpotsAppearance.swift */; };
		EA2A92861CB2654700DAC302 /* SpotsCircleView.swift in Sources */ = {isa = PBXBuildFile; fileRef = EA2A92851CB2654700DAC302 /* SpotsCircleView.swift */; };
		EA2A92881CB2670F00DAC302 /* SpotsCircleDataView.xib in Resources */ = {isa = PBXBuildFile; fileRef = EA2A92871CB2670F00DAC302 /* SpotsCircleDataView.xib */; };
		EAD96ED01CB2849500E1BF73 /* OpenSans-Bold.ttf in Resources */ = {isa = PBXBuildFile; fileRef = EAD96EC61CB2849500E1BF73 /* OpenSans-Bold.ttf */; };
		EAD96ED11CB2849500E1BF73 /* OpenSans-BoldItalic.ttf in Resources */ = {isa = PBXBuildFile; fileRef = EAD96EC71CB2849500E1BF73 /* OpenSans-BoldItalic.ttf */; };
		EAD96ED21CB2849500E1BF73 /* OpenSans-ExtraBold.ttf in Resources */ = {isa = PBXBuildFile; fileRef = EAD96EC81CB2849500E1BF73 /* OpenSans-ExtraBold.ttf */; };
		EAD96ED31CB2849500E1BF73 /* OpenSans-ExtraBoldItalic.ttf in Resources */ = {isa = PBXBuildFile; fileRef = EAD96EC91CB2849500E1BF73 /* OpenSans-ExtraBoldItalic.ttf */; };
		EAD96ED41CB2849500E1BF73 /* OpenSans-Italic.ttf in Resources */ = {isa = PBXBuildFile; fileRef = EAD96ECA1CB2849500E1BF73 /* OpenSans-Italic.ttf */; };
		EAD96ED51CB2849500E1BF73 /* OpenSans-Light.ttf in Resources */ = {isa = PBXBuildFile; fileRef = EAD96ECB1CB2849500E1BF73 /* OpenSans-Light.ttf */; };
		EAD96ED61CB2849500E1BF73 /* OpenSans-LightItalic.ttf in Resources */ = {isa = PBXBuildFile; fileRef = EAD96ECC1CB2849500E1BF73 /* OpenSans-LightItalic.ttf */; };
		EAD96ED71CB2849500E1BF73 /* OpenSans-Regular.ttf in Resources */ = {isa = PBXBuildFile; fileRef = EAD96ECD1CB2849500E1BF73 /* OpenSans-Regular.ttf */; };
		EAD96ED81CB2849500E1BF73 /* OpenSans-Semibold.ttf in Resources */ = {isa = PBXBuildFile; fileRef = EAD96ECE1CB2849500E1BF73 /* OpenSans-Semibold.ttf */; };
		EAD96ED91CB2849500E1BF73 /* OpenSans-SemiboldItalic.ttf in Resources */ = {isa = PBXBuildFile; fileRef = EAD96ECF1CB2849500E1BF73 /* OpenSans-SemiboldItalic.ttf */; };
		EAD96EDB1CB285B500E1BF73 /* SpotsSchoolTableViewCell.swift in Sources */ = {isa = PBXBuildFile; fileRef = EAD96EDA1CB285B500E1BF73 /* SpotsSchoolTableViewCell.swift */; };
		EAD96EDD1CB285E400E1BF73 /* EmptyCircleView.swift in Sources */ = {isa = PBXBuildFile; fileRef = EAD96EDC1CB285E400E1BF73 /* EmptyCircleView.swift */; };
		EAD96EDF1CB2862300E1BF73 /* SpotsCircleCollectionViewCell.swift in Sources */ = {isa = PBXBuildFile; fileRef = EAD96EDE1CB2862300E1BF73 /* SpotsCircleCollectionViewCell.swift */; };
		EAD96EE11CB2865100E1BF73 /* SpotsCircleDataView.swift in Sources */ = {isa = PBXBuildFile; fileRef = EAD96EE01CB2865100E1BF73 /* SpotsCircleDataView.swift */; };
		EAD96EE31CB2867500E1BF73 /* SpotsIndexedCollectionView.swift in Sources */ = {isa = PBXBuildFile; fileRef = EAD96EE21CB2867500E1BF73 /* SpotsIndexedCollectionView.swift */; };
/* End PBXBuildFile section */

/* Begin PBXContainerItemProxy section */
		EA06CD091CADF811007F5851 /* PBXContainerItemProxy */ = {
			isa = PBXContainerItemProxy;
			containerPortal = EA06CCEC1CADF811007F5851 /* Project object */;
			proxyType = 1;
			remoteGlobalIDString = EA06CCF31CADF811007F5851;
			remoteInfo = Spots;
		};
/* End PBXContainerItemProxy section */

/* Begin PBXFileReference section */
		05B8FE0AE9F06FDEFE2CDB9D /* Pods-Spots.release.xcconfig */ = {isa = PBXFileReference; includeInIndex = 1; lastKnownFileType = text.xcconfig; name = "Pods-Spots.release.xcconfig"; path = "Pods/Target Support Files/Pods-Spots/Pods-Spots.release.xcconfig"; sourceTree = "<group>"; };
		7347A442EE628565AE24509C /* Pods_Spots.framework */ = {isa = PBXFileReference; explicitFileType = wrapper.framework; includeInIndex = 0; path = Pods_Spots.framework; sourceTree = BUILT_PRODUCTS_DIR; };
		8080CC6ACB7EE4D5F069964D /* Pods-Spots.debug.xcconfig */ = {isa = PBXFileReference; includeInIndex = 1; lastKnownFileType = text.xcconfig; name = "Pods-Spots.debug.xcconfig"; path = "Pods/Target Support Files/Pods-Spots/Pods-Spots.debug.xcconfig"; sourceTree = "<group>"; };
		EA06CCF41CADF811007F5851 /* Spots.app */ = {isa = PBXFileReference; explicitFileType = wrapper.application; includeInIndex = 0; path = Spots.app; sourceTree = BUILT_PRODUCTS_DIR; };
		EA06CCF71CADF811007F5851 /* AppDelegate.swift */ = {isa = PBXFileReference; lastKnownFileType = sourcecode.swift; path = AppDelegate.swift; sourceTree = "<group>"; };
		EA06CCFC1CADF811007F5851 /* Base */ = {isa = PBXFileReference; lastKnownFileType = file.storyboard; name = Base; path = Base.lproj/Main.storyboard; sourceTree = "<group>"; };
		EA06CCFE1CADF811007F5851 /* Assets.xcassets */ = {isa = PBXFileReference; lastKnownFileType = folder.assetcatalog; path = Assets.xcassets; sourceTree = "<group>"; };
		EA06CD011CADF811007F5851 /* Base */ = {isa = PBXFileReference; lastKnownFileType = file.storyboard; name = Base; path = Base.lproj/LaunchScreen.storyboard; sourceTree = "<group>"; };
		EA06CD031CADF811007F5851 /* Info.plist */ = {isa = PBXFileReference; lastKnownFileType = text.plist.xml; path = Info.plist; sourceTree = "<group>"; };
		EA06CD081CADF811007F5851 /* SpotsTests.xctest */ = {isa = PBXFileReference; explicitFileType = wrapper.cfbundle; includeInIndex = 0; path = SpotsTests.xctest; sourceTree = BUILT_PRODUCTS_DIR; };
		EA06CD0C1CADF811007F5851 /* SpotsTests.swift */ = {isa = PBXFileReference; lastKnownFileType = sourcecode.swift; path = SpotsTests.swift; sourceTree = "<group>"; };
		EA06CD0E1CADF811007F5851 /* Info.plist */ = {isa = PBXFileReference; lastKnownFileType = text.plist.xml; path = Info.plist; sourceTree = "<group>"; };
		EA06CD261CADF9E6007F5851 /* Spots-Prefix.pch */ = {isa = PBXFileReference; lastKnownFileType = sourcecode.c.h; name = "Spots-Prefix.pch"; path = "SupportingFiles/Spots-Prefix.pch"; sourceTree = "<group>"; };
		EA06CD281CAE008D007F5851 /* SpotsTableViewController.swift */ = {isa = PBXFileReference; fileEncoding = 4; lastKnownFileType = sourcecode.swift; name = SpotsTableViewController.swift; path = Controllers/SpotsTableViewController.swift; sourceTree = "<group>"; };
		EA06CD2C1CAE7A53007F5851 /* SpotsAPI.swift */ = {isa = PBXFileReference; fileEncoding = 4; lastKnownFileType = sourcecode.swift; name = SpotsAPI.swift; path = Network/SpotsAPI.swift; sourceTree = "<group>"; };
		EA06CD2E1CAE7C89007F5851 /* Spots-Bridging-Header.h */ = {isa = PBXFileReference; lastKnownFileType = sourcecode.c.h; name = "Spots-Bridging-Header.h"; path = "SupportingFiles/Spots-Bridging-Header.h"; sourceTree = "<group>"; };
		EA06CD301CAE7F5B007F5851 /* SpotsResponseModels.swift */ = {isa = PBXFileReference; fileEncoding = 4; lastKnownFileType = sourcecode.swift; name = SpotsResponseModels.swift; path = Models/SpotsResponseModels.swift; sourceTree = "<group>"; };
		EA2A92771CAEF49D00DAC302 /* ActivityIndicator.swift */ = {isa = PBXFileReference; fileEncoding = 4; lastKnownFileType = sourcecode.swift; name = ActivityIndicator.swift; path = SupportingFiles/ActivityIndicator.swift; sourceTree = "<group>"; };
		EA2A92791CB1F1F100DAC302 /* SpotsTableViewCell.swift */ = {isa = PBXFileReference; fileEncoding = 4; lastKnownFileType = sourcecode.swift; name = SpotsTableViewCell.swift; path = Views/SpotsTableViewCell.swift; sourceTree = "<group>"; };
		EA2A927B1CB1F26900DAC302 /* SchoolSelection.storyboard */ = {isa = PBXFileReference; fileEncoding = 4; lastKnownFileType = file.storyboard; name = SchoolSelection.storyboard; path = Views/SchoolSelection.storyboard; sourceTree = "<group>"; };
		EA2A927D1CB1F2F900DAC302 /* SpotsSchoolSelectionViewController.swift */ = {isa = PBXFileReference; fileEncoding = 4; lastKnownFileType = sourcecode.swift; name = SpotsSchoolSelectionViewController.swift; path = Views/SpotsSchoolSelectionViewController.swift; sourceTree = "<group>"; };
		EA2A927F1CB2244F00DAC302 /* SpotsConfiguration.h */ = {isa = PBXFileReference; lastKnownFileType = sourcecode.c.h; name = SpotsConfiguration.h; path = SupportingFiles/SpotsConfiguration.h; sourceTree = "<group>"; };
		EA2A92801CB240ED00DAC302 /* SpotsAppearance.swift */ = {isa = PBXFileReference; fileEncoding = 4; lastKnownFileType = sourcecode.swift; name = SpotsAppearance.swift; path = SupportingFiles/SpotsAppearance.swift; sourceTree = "<group>"; };
		EA2A92851CB2654700DAC302 /* SpotsCircleView.swift */ = {isa = PBXFileReference; fileEncoding = 4; lastKnownFileType = sourcecode.swift; name = SpotsCircleView.swift; path = Views/SpotsCircleView.swift; sourceTree = "<group>"; };
		EA2A92871CB2670F00DAC302 /* SpotsCircleDataView.xib */ = {isa = PBXFileReference; fileEncoding = 4; lastKnownFileType = file.xib; name = SpotsCircleDataView.xib; path = Views/SpotsCircleDataView.xib; sourceTree = "<group>"; };
		EAD96EC61CB2849500E1BF73 /* OpenSans-Bold.ttf */ = {isa = PBXFileReference; lastKnownFileType = file; name = "OpenSans-Bold.ttf"; path = "Fonts/OpenSans-Bold.ttf"; sourceTree = "<group>"; };
		EAD96EC71CB2849500E1BF73 /* OpenSans-BoldItalic.ttf */ = {isa = PBXFileReference; lastKnownFileType = file; name = "OpenSans-BoldItalic.ttf"; path = "Fonts/OpenSans-BoldItalic.ttf"; sourceTree = "<group>"; };
		EAD96EC81CB2849500E1BF73 /* OpenSans-ExtraBold.ttf */ = {isa = PBXFileReference; lastKnownFileType = file; name = "OpenSans-ExtraBold.ttf"; path = "Fonts/OpenSans-ExtraBold.ttf"; sourceTree = "<group>"; };
		EAD96EC91CB2849500E1BF73 /* OpenSans-ExtraBoldItalic.ttf */ = {isa = PBXFileReference; lastKnownFileType = file; name = "OpenSans-ExtraBoldItalic.ttf"; path = "Fonts/OpenSans-ExtraBoldItalic.ttf"; sourceTree = "<group>"; };
		EAD96ECA1CB2849500E1BF73 /* OpenSans-Italic.ttf */ = {isa = PBXFileReference; lastKnownFileType = file; name = "OpenSans-Italic.ttf"; path = "Fonts/OpenSans-Italic.ttf"; sourceTree = "<group>"; };
		EAD96ECB1CB2849500E1BF73 /* OpenSans-Light.ttf */ = {isa = PBXFileReference; lastKnownFileType = file; name = "OpenSans-Light.ttf"; path = "Fonts/OpenSans-Light.ttf"; sourceTree = "<group>"; };
		EAD96ECC1CB2849500E1BF73 /* OpenSans-LightItalic.ttf */ = {isa = PBXFileReference; lastKnownFileType = file; name = "OpenSans-LightItalic.ttf"; path = "Fonts/OpenSans-LightItalic.ttf"; sourceTree = "<group>"; };
		EAD96ECD1CB2849500E1BF73 /* OpenSans-Regular.ttf */ = {isa = PBXFileReference; lastKnownFileType = file; name = "OpenSans-Regular.ttf"; path = "Fonts/OpenSans-Regular.ttf"; sourceTree = "<group>"; };
		EAD96ECE1CB2849500E1BF73 /* OpenSans-Semibold.ttf */ = {isa = PBXFileReference; lastKnownFileType = file; name = "OpenSans-Semibold.ttf"; path = "Fonts/OpenSans-Semibold.ttf"; sourceTree = "<group>"; };
		EAD96ECF1CB2849500E1BF73 /* OpenSans-SemiboldItalic.ttf */ = {isa = PBXFileReference; lastKnownFileType = file; name = "OpenSans-SemiboldItalic.ttf"; path = "Fonts/OpenSans-SemiboldItalic.ttf"; sourceTree = "<group>"; };
		EAD96EDA1CB285B500E1BF73 /* SpotsSchoolTableViewCell.swift */ = {isa = PBXFileReference; fileEncoding = 4; lastKnownFileType = sourcecode.swift; name = SpotsSchoolTableViewCell.swift; path = Views/SpotsSchoolTableViewCell.swift; sourceTree = "<group>"; };
		EAD96EDC1CB285E400E1BF73 /* EmptyCircleView.swift */ = {isa = PBXFileReference; fileEncoding = 4; lastKnownFileType = sourcecode.swift; name = EmptyCircleView.swift; path = Views/EmptyCircleView.swift; sourceTree = "<group>"; };
		EAD96EDE1CB2862300E1BF73 /* SpotsCircleCollectionViewCell.swift */ = {isa = PBXFileReference; fileEncoding = 4; lastKnownFileType = sourcecode.swift; name = SpotsCircleCollectionViewCell.swift; path = Views/SpotsCircleCollectionViewCell.swift; sourceTree = "<group>"; };
		EAD96EE01CB2865100E1BF73 /* SpotsCircleDataView.swift */ = {isa = PBXFileReference; fileEncoding = 4; lastKnownFileType = sourcecode.swift; name = SpotsCircleDataView.swift; path = Views/SpotsCircleDataView.swift; sourceTree = "<group>"; };
		EAD96EE21CB2867500E1BF73 /* SpotsIndexedCollectionView.swift */ = {isa = PBXFileReference; fileEncoding = 4; lastKnownFileType = sourcecode.swift; name = SpotsIndexedCollectionView.swift; path = Views/SpotsIndexedCollectionView.swift; sourceTree = "<group>"; };
/* End PBXFileReference section */

/* Begin PBXFrameworksBuildPhase section */
		EA06CCF11CADF811007F5851 /* Frameworks */ = {
			isa = PBXFrameworksBuildPhase;
			buildActionMask = 2147483647;
			files = (
				0556C45EA46F58BDD6A6FDF7 /* Pods_Spots.framework in Frameworks */,
			);
			runOnlyForDeploymentPostprocessing = 0;
		};
		EA06CD051CADF811007F5851 /* Frameworks */ = {
			isa = PBXFrameworksBuildPhase;
			buildActionMask = 2147483647;
			files = (
			);
			runOnlyForDeploymentPostprocessing = 0;
		};
/* End PBXFrameworksBuildPhase section */

/* Begin PBXGroup section */
		0AC1FF9EC2C80B4B5A1EC341 /* Frameworks */ = {
			isa = PBXGroup;
			children = (
				7347A442EE628565AE24509C /* Pods_Spots.framework */,
			);
			name = Frameworks;
			sourceTree = "<group>";
		};
		B49F221810B5DB5D981E90FD /* Pods */ = {
			isa = PBXGroup;
			children = (
				8080CC6ACB7EE4D5F069964D /* Pods-Spots.debug.xcconfig */,
				05B8FE0AE9F06FDEFE2CDB9D /* Pods-Spots.release.xcconfig */,
			);
			name = Pods;
			sourceTree = "<group>";
		};
		EA06CCEB1CADF811007F5851 = {
			isa = PBXGroup;
			children = (
				EA06CCF61CADF811007F5851 /* Spots */,
				EA06CD0B1CADF811007F5851 /* SpotsTests */,
				EA06CCF51CADF811007F5851 /* Products */,
				B49F221810B5DB5D981E90FD /* Pods */,
				0AC1FF9EC2C80B4B5A1EC341 /* Frameworks */,
			);
			sourceTree = "<group>";
		};
		EA06CCF51CADF811007F5851 /* Products */ = {
			isa = PBXGroup;
			children = (
				EA06CCF41CADF811007F5851 /* Spots.app */,
				EA06CD081CADF811007F5851 /* SpotsTests.xctest */,
			);
			name = Products;
			sourceTree = "<group>";
		};
		EA06CCF61CADF811007F5851 /* Spots */ = {
			isa = PBXGroup;
			children = (
				EA06CCF71CADF811007F5851 /* AppDelegate.swift */,
				EA06CD2F1CAE7F03007F5851 /* Models */,
				EA06CD2B1CAE7A37007F5851 /* Network */,
				EA06CD2A1CAE009F007F5851 /* Views */,
				EA06CD271CADFFFA007F5851 /* Controllers */,
				EA06CD251CADF985007F5851 /* Support Files */,
			);
			path = Spots;
			sourceTree = "<group>";
		};
		EA06CD0B1CADF811007F5851 /* SpotsTests */ = {
			isa = PBXGroup;
			children = (
				EA06CD0C1CADF811007F5851 /* SpotsTests.swift */,
				EA06CD0E1CADF811007F5851 /* Info.plist */,
			);
			path = SpotsTests;
			sourceTree = "<group>";
		};
		EA06CD251CADF985007F5851 /* Support Files */ = {
			isa = PBXGroup;
			children = (
				EAD96EC51CB2846200E1BF73 /* Fonts */,
				EA06CCFE1CADF811007F5851 /* Assets.xcassets */,
				EA06CD031CADF811007F5851 /* Info.plist */,
				EA06CD261CADF9E6007F5851 /* Spots-Prefix.pch */,
				EA06CD2E1CAE7C89007F5851 /* Spots-Bridging-Header.h */,
				EA2A92771CAEF49D00DAC302 /* ActivityIndicator.swift */,
				EA2A927F1CB2244F00DAC302 /* SpotsConfiguration.h */,
				EA2A92801CB240ED00DAC302 /* SpotsAppearance.swift */,
			);
			name = "Support Files";
			sourceTree = "<group>";
		};
		EA06CD271CADFFFA007F5851 /* Controllers */ = {
			isa = PBXGroup;
			children = (
				EA06CD281CAE008D007F5851 /* SpotsTableViewController.swift */,
				EA2A927D1CB1F2F900DAC302 /* SpotsSchoolSelectionViewController.swift */,
			);
			name = Controllers;
			sourceTree = "<group>";
		};
		EA06CD2A1CAE009F007F5851 /* Views */ = {
			isa = PBXGroup;
			children = (
				EA06CCFB1CADF811007F5851 /* Main.storyboard */,
				EA06CD001CADF811007F5851 /* LaunchScreen.storyboard */,
				EA2A92791CB1F1F100DAC302 /* SpotsTableViewCell.swift */,
				EA2A927B1CB1F26900DAC302 /* SchoolSelection.storyboard */,
				EA2A92851CB2654700DAC302 /* SpotsCircleView.swift */,
				EA2A92871CB2670F00DAC302 /* SpotsCircleDataView.xib */,
				EAD96EDA1CB285B500E1BF73 /* SpotsSchoolTableViewCell.swift */,
				EAD96EDC1CB285E400E1BF73 /* EmptyCircleView.swift */,
				EAD96EDE1CB2862300E1BF73 /* SpotsCircleCollectionViewCell.swift */,
				EAD96EE01CB2865100E1BF73 /* SpotsCircleDataView.swift */,
				EAD96EE21CB2867500E1BF73 /* SpotsIndexedCollectionView.swift */,
			);
			name = Views;
			sourceTree = "<group>";
		};
		EA06CD2B1CAE7A37007F5851 /* Network */ = {
			isa = PBXGroup;
			children = (
				EA06CD2C1CAE7A53007F5851 /* SpotsAPI.swift */,
			);
			name = Network;
			sourceTree = "<group>";
		};
		EA06CD2F1CAE7F03007F5851 /* Models */ = {
			isa = PBXGroup;
			children = (
				EA06CD301CAE7F5B007F5851 /* SpotsResponseModels.swift */,
			);
			name = Models;
			sourceTree = "<group>";
		};
		EAD96EC51CB2846200E1BF73 /* Fonts */ = {
			isa = PBXGroup;
			children = (
				EAD96EC61CB2849500E1BF73 /* OpenSans-Bold.ttf */,
				EAD96EC71CB2849500E1BF73 /* OpenSans-BoldItalic.ttf */,
				EAD96EC81CB2849500E1BF73 /* OpenSans-ExtraBold.ttf */,
				EAD96EC91CB2849500E1BF73 /* OpenSans-ExtraBoldItalic.ttf */,
				EAD96ECA1CB2849500E1BF73 /* OpenSans-Italic.ttf */,
				EAD96ECB1CB2849500E1BF73 /* OpenSans-Light.ttf */,
				EAD96ECC1CB2849500E1BF73 /* OpenSans-LightItalic.ttf */,
				EAD96ECD1CB2849500E1BF73 /* OpenSans-Regular.ttf */,
				EAD96ECE1CB2849500E1BF73 /* OpenSans-Semibold.ttf */,
				EAD96ECF1CB2849500E1BF73 /* OpenSans-SemiboldItalic.ttf */,
			);
			name = Fonts;
			sourceTree = "<group>";
		};
/* End PBXGroup section */

/* Begin PBXNativeTarget section */
		EA06CCF31CADF811007F5851 /* Spots */ = {
			isa = PBXNativeTarget;
			buildConfigurationList = EA06CD1C1CADF811007F5851 /* Build configuration list for PBXNativeTarget "Spots" */;
			buildPhases = (
				83849A70B24938EC37040906 /* Check Pods Manifest.lock */,
				EA06CCF01CADF811007F5851 /* Sources */,
				EA06CCF11CADF811007F5851 /* Frameworks */,
				EA06CCF21CADF811007F5851 /* Resources */,
				9662425182E12D3CBC96F2F5 /* Embed Pods Frameworks */,
				B21149D86FC15C9BC4D4493B /* Copy Pods Resources */,
				EA2A92821CB2509F00DAC302 /* ShellScript */,
			);
			buildRules = (
			);
			dependencies = (
			);
			name = Spots;
			productName = Spots;
			productReference = EA06CCF41CADF811007F5851 /* Spots.app */;
			productType = "com.apple.product-type.application";
		};
		EA06CD071CADF811007F5851 /* SpotsTests */ = {
			isa = PBXNativeTarget;
			buildConfigurationList = EA06CD1F1CADF811007F5851 /* Build configuration list for PBXNativeTarget "SpotsTests" */;
			buildPhases = (
				EA06CD041CADF811007F5851 /* Sources */,
				EA06CD051CADF811007F5851 /* Frameworks */,
				EA06CD061CADF811007F5851 /* Resources */,
			);
			buildRules = (
			);
			dependencies = (
				EA06CD0A1CADF811007F5851 /* PBXTargetDependency */,
			);
			name = SpotsTests;
			productName = SpotsTests;
			productReference = EA06CD081CADF811007F5851 /* SpotsTests.xctest */;
			productType = "com.apple.product-type.bundle.unit-test";
		};
/* End PBXNativeTarget section */

/* Begin PBXProject section */
		EA06CCEC1CADF811007F5851 /* Project object */ = {
			isa = PBXProject;
			attributes = {
				LastSwiftUpdateCheck = 0730;
				LastUpgradeCheck = 0730;
				ORGANIZATIONNAME = "Mark Jackson";
				TargetAttributes = {
					EA06CCF31CADF811007F5851 = {
						CreatedOnToolsVersion = 7.3;
						DevelopmentTeam = 23KKLX956K;
					};
					EA06CD071CADF811007F5851 = {
						CreatedOnToolsVersion = 7.3;
						TestTargetID = EA06CCF31CADF811007F5851;
					};
				};
			};
			buildConfigurationList = EA06CCEF1CADF811007F5851 /* Build configuration list for PBXProject "Spots" */;
			compatibilityVersion = "Xcode 3.2";
			developmentRegion = English;
			hasScannedForEncodings = 0;
			knownRegions = (
				en,
				Base,
			);
			mainGroup = EA06CCEB1CADF811007F5851;
			productRefGroup = EA06CCF51CADF811007F5851 /* Products */;
			projectDirPath = "";
			projectRoot = "";
			targets = (
				EA06CCF31CADF811007F5851 /* Spots */,
				EA06CD071CADF811007F5851 /* SpotsTests */,
			);
		};
/* End PBXProject section */

/* Begin PBXResourcesBuildPhase section */
		EA06CCF21CADF811007F5851 /* Resources */ = {
			isa = PBXResourcesBuildPhase;
			buildActionMask = 2147483647;
			files = (
				EA06CD021CADF811007F5851 /* LaunchScreen.storyboard in Resources */,
				EAD96ED91CB2849500E1BF73 /* OpenSans-SemiboldItalic.ttf in Resources */,
				EAD96ED31CB2849500E1BF73 /* OpenSans-ExtraBoldItalic.ttf in Resources */,
				EAD96ED61CB2849500E1BF73 /* OpenSans-LightItalic.ttf in Resources */,
				EA06CCFF1CADF811007F5851 /* Assets.xcassets in Resources */,
				EAD96ED41CB2849500E1BF73 /* OpenSans-Italic.ttf in Resources */,
				EAD96ED01CB2849500E1BF73 /* OpenSans-Bold.ttf in Resources */,
				EAD96ED21CB2849500E1BF73 /* OpenSans-ExtraBold.ttf in Resources */,
				EAD96ED11CB2849500E1BF73 /* OpenSans-BoldItalic.ttf in Resources */,
				EA2A92881CB2670F00DAC302 /* SpotsCircleDataView.xib in Resources */,
				EA06CCFD1CADF811007F5851 /* Main.storyboard in Resources */,
				EAD96ED51CB2849500E1BF73 /* OpenSans-Light.ttf in Resources */,
				EAD96ED71CB2849500E1BF73 /* OpenSans-Regular.ttf in Resources */,
				EAD96ED81CB2849500E1BF73 /* OpenSans-Semibold.ttf in Resources */,
				EA2A927C1CB1F26900DAC302 /* SchoolSelection.storyboard in Resources */,
			);
			runOnlyForDeploymentPostprocessing = 0;
		};
		EA06CD061CADF811007F5851 /* Resources */ = {
			isa = PBXResourcesBuildPhase;
			buildActionMask = 2147483647;
			files = (
			);
			runOnlyForDeploymentPostprocessing = 0;
		};
/* End PBXResourcesBuildPhase section */

/* Begin PBXShellScriptBuildPhase section */
		83849A70B24938EC37040906 /* Check Pods Manifest.lock */ = {
			isa = PBXShellScriptBuildPhase;
			buildActionMask = 2147483647;
			files = (
			);
			inputPaths = (
			);
			name = "Check Pods Manifest.lock";
			outputPaths = (
			);
			runOnlyForDeploymentPostprocessing = 0;
			shellPath = /bin/sh;
			shellScript = "diff \"${PODS_ROOT}/../Podfile.lock\" \"${PODS_ROOT}/Manifest.lock\" > /dev/null\nif [[ $? != 0 ]] ; then\n    cat << EOM\nerror: The sandbox is not in sync with the Podfile.lock. Run 'pod install' or update your CocoaPods installation.\nEOM\n    exit 1\nfi\n";
			showEnvVarsInLog = 0;
		};
		9662425182E12D3CBC96F2F5 /* Embed Pods Frameworks */ = {
			isa = PBXShellScriptBuildPhase;
			buildActionMask = 2147483647;
			files = (
			);
			inputPaths = (
			);
			name = "Embed Pods Frameworks";
			outputPaths = (
			);
			runOnlyForDeploymentPostprocessing = 0;
			shellPath = /bin/sh;
			shellScript = "\"${SRCROOT}/Pods/Target Support Files/Pods-Spots/Pods-Spots-frameworks.sh\"\n";
			showEnvVarsInLog = 0;
		};
		B21149D86FC15C9BC4D4493B /* Copy Pods Resources */ = {
			isa = PBXShellScriptBuildPhase;
			buildActionMask = 2147483647;
			files = (
			);
			inputPaths = (
			);
			name = "Copy Pods Resources";
			outputPaths = (
			);
			runOnlyForDeploymentPostprocessing = 0;
			shellPath = /bin/sh;
			shellScript = "\"${SRCROOT}/Pods/Target Support Files/Pods-Spots/Pods-Spots-resources.sh\"\n";
			showEnvVarsInLog = 0;
		};
		EA2A92821CB2509F00DAC302 /* ShellScript */ = {
			isa = PBXShellScriptBuildPhase;
			buildActionMask = 2147483647;
			files = (
			);
			inputPaths = (
			);
			outputPaths = (
			);
			runOnlyForDeploymentPostprocessing = 0;
			shellPath = /bin/sh;
			shellScript = "if which swiftlint >/dev/null; then\n    swiftlint\nelse\n    echo \"warning: SwiftLint not installed, download from https://github.com/realm/SwiftLint\"\nfi";
		};
/* End PBXShellScriptBuildPhase section */

/* Begin PBXSourcesBuildPhase section */
		EA06CCF01CADF811007F5851 /* Sources */ = {
			isa = PBXSourcesBuildPhase;
			buildActionMask = 2147483647;
			files = (
				EA2A92861CB2654700DAC302 /* SpotsCircleView.swift in Sources */,
				EA06CD291CAE008D007F5851 /* SpotsTableViewController.swift in Sources */,
				EAD96EE31CB2867500E1BF73 /* SpotsIndexedCollectionView.swift in Sources */,
				EA2A92811CB240ED00DAC302 /* SpotsAppearance.swift in Sources */,
				EAD96EDB1CB285B500E1BF73 /* SpotsSchoolTableViewCell.swift in Sources */,
				EA2A927A1CB1F1F100DAC302 /* SpotsTableViewCell.swift in Sources */,
				EAD96EDD1CB285E400E1BF73 /* EmptyCircleView.swift in Sources */,
				EA2A92781CAEF49D00DAC302 /* ActivityIndicator.swift in Sources */,
				EAD96EE11CB2865100E1BF73 /* SpotsCircleDataView.swift in Sources */,
				EA06CCF81CADF811007F5851 /* AppDelegate.swift in Sources */,
				EAD96EDF1CB2862300E1BF73 /* SpotsCircleCollectionViewCell.swift in Sources */,
				EA2A927E1CB1F2F900DAC302 /* SpotsSchoolSelectionViewController.swift in Sources */,
				EA06CD2D1CAE7A53007F5851 /* SpotsAPI.swift in Sources */,
				EA06CD311CAE7F5B007F5851 /* SpotsResponseModels.swift in Sources */,
			);
			runOnlyForDeploymentPostprocessing = 0;
		};
		EA06CD041CADF811007F5851 /* Sources */ = {
			isa = PBXSourcesBuildPhase;
			buildActionMask = 2147483647;
			files = (
				EA06CD0D1CADF811007F5851 /* SpotsTests.swift in Sources */,
			);
			runOnlyForDeploymentPostprocessing = 0;
		};
/* End PBXSourcesBuildPhase section */

/* Begin PBXTargetDependency section */
		EA06CD0A1CADF811007F5851 /* PBXTargetDependency */ = {
			isa = PBXTargetDependency;
			target = EA06CCF31CADF811007F5851 /* Spots */;
			targetProxy = EA06CD091CADF811007F5851 /* PBXContainerItemProxy */;
		};
/* End PBXTargetDependency section */

/* Begin PBXVariantGroup section */
		EA06CCFB1CADF811007F5851 /* Main.storyboard */ = {
			isa = PBXVariantGroup;
			children = (
				EA06CCFC1CADF811007F5851 /* Base */,
			);
			name = Main.storyboard;
			sourceTree = "<group>";
		};
		EA06CD001CADF811007F5851 /* LaunchScreen.storyboard */ = {
			isa = PBXVariantGroup;
			children = (
				EA06CD011CADF811007F5851 /* Base */,
			);
			name = LaunchScreen.storyboard;
			sourceTree = "<group>";
		};
/* End PBXVariantGroup section */

/* Begin XCBuildConfiguration section */
		EA06CD1A1CADF811007F5851 /* Debug */ = {
			isa = XCBuildConfiguration;
			buildSettings = {
				ALWAYS_SEARCH_USER_PATHS = NO;
				CLANG_ANALYZER_NONNULL = YES;
				CLANG_CXX_LANGUAGE_STANDARD = "gnu++0x";
				CLANG_CXX_LIBRARY = "libc++";
				CLANG_ENABLE_MODULES = YES;
				CLANG_ENABLE_OBJC_ARC = YES;
				CLANG_WARN_BOOL_CONVERSION = YES;
				CLANG_WARN_CONSTANT_CONVERSION = YES;
				CLANG_WARN_DIRECT_OBJC_ISA_USAGE = YES_ERROR;
				CLANG_WARN_EMPTY_BODY = YES;
				CLANG_WARN_ENUM_CONVERSION = YES;
				CLANG_WARN_INT_CONVERSION = YES;
				CLANG_WARN_OBJC_ROOT_CLASS = YES_ERROR;
				CLANG_WARN_UNREACHABLE_CODE = YES;
				CLANG_WARN__DUPLICATE_METHOD_MATCH = YES;
				"CODE_SIGN_IDENTITY[sdk=iphoneos*]" = "iPhone Developer";
				COPY_PHASE_STRIP = NO;
				DEBUG_INFORMATION_FORMAT = dwarf;
				ENABLE_STRICT_OBJC_MSGSEND = YES;
				ENABLE_TESTABILITY = YES;
				GCC_C_LANGUAGE_STANDARD = gnu99;
				GCC_DYNAMIC_NO_PIC = NO;
				GCC_NO_COMMON_BLOCKS = YES;
				GCC_OPTIMIZATION_LEVEL = 0;
				GCC_PREPROCESSOR_DEFINITIONS = (
					"DEBUG=1",
					"$(inherited)",
				);
				GCC_WARN_64_TO_32_BIT_CONVERSION = YES;
				GCC_WARN_ABOUT_RETURN_TYPE = YES_ERROR;
				GCC_WARN_UNDECLARED_SELECTOR = YES;
				GCC_WARN_UNINITIALIZED_AUTOS = YES_AGGRESSIVE;
				GCC_WARN_UNUSED_FUNCTION = NO;
				GCC_WARN_UNUSED_VALUE = NO;
				GCC_WARN_UNUSED_VARIABLE = NO;
				IPHONEOS_DEPLOYMENT_TARGET = 9.3;
				MTL_ENABLE_DEBUG_INFO = YES;
				ONLY_ACTIVE_ARCH = YES;
				OTHER_SWIFT_FLAGS = "-DDEBUG";
				SDKROOT = iphoneos;
				SWIFT_OBJC_BRIDGING_HEADER = "$SRCROOT/Spots/Spots-Bridging-Header.h";
				SWIFT_OPTIMIZATION_LEVEL = "-Onone";
			};
			name = Debug;
		};
		EA06CD1B1CADF811007F5851 /* Release */ = {
			isa = XCBuildConfiguration;
			buildSettings = {
				ALWAYS_SEARCH_USER_PATHS = NO;
				CLANG_ANALYZER_NONNULL = YES;
				CLANG_CXX_LANGUAGE_STANDARD = "gnu++0x";
				CLANG_CXX_LIBRARY = "libc++";
				CLANG_ENABLE_MODULES = YES;
				CLANG_ENABLE_OBJC_ARC = YES;
				CLANG_WARN_BOOL_CONVERSION = YES;
				CLANG_WARN_CONSTANT_CONVERSION = YES;
				CLANG_WARN_DIRECT_OBJC_ISA_USAGE = YES_ERROR;
				CLANG_WARN_EMPTY_BODY = YES;
				CLANG_WARN_ENUM_CONVERSION = YES;
				CLANG_WARN_INT_CONVERSION = YES;
				CLANG_WARN_OBJC_ROOT_CLASS = YES_ERROR;
				CLANG_WARN_UNREACHABLE_CODE = YES;
				CLANG_WARN__DUPLICATE_METHOD_MATCH = YES;
				"CODE_SIGN_IDENTITY[sdk=iphoneos*]" = "iPhone Developer";
				COPY_PHASE_STRIP = NO;
				DEBUG_INFORMATION_FORMAT = "dwarf-with-dsym";
				ENABLE_NS_ASSERTIONS = NO;
				ENABLE_STRICT_OBJC_MSGSEND = YES;
				GCC_C_LANGUAGE_STANDARD = gnu99;
				GCC_NO_COMMON_BLOCKS = YES;
				GCC_WARN_64_TO_32_BIT_CONVERSION = YES;
				GCC_WARN_ABOUT_RETURN_TYPE = YES_ERROR;
				GCC_WARN_UNDECLARED_SELECTOR = YES;
				GCC_WARN_UNINITIALIZED_AUTOS = YES_AGGRESSIVE;
				GCC_WARN_UNUSED_FUNCTION = NO;
				GCC_WARN_UNUSED_VALUE = NO;
				GCC_WARN_UNUSED_VARIABLE = NO;
				IPHONEOS_DEPLOYMENT_TARGET = 9.3;
				MTL_ENABLE_DEBUG_INFO = NO;
				OTHER_SWIFT_FLAGS = "-DRELEASE";
				SDKROOT = iphoneos;
				SWIFT_OBJC_BRIDGING_HEADER = "$SRCROOT/Spots/Spots-Bridging-Header.h";
				VALIDATE_PRODUCT = YES;
			};
			name = Release;
		};
		EA06CD1D1CADF811007F5851 /* Debug */ = {
			isa = XCBuildConfiguration;
			baseConfigurationReference = 8080CC6ACB7EE4D5F069964D /* Pods-Spots.debug.xcconfig */;
			buildSettings = {
				ASSETCATALOG_COMPILER_APPICON_NAME = AppIcon;
				CODE_SIGN_IDENTITY = "iPhone Developer";
				GCC_PREPROCESSOR_DEFINITIONS_NOT_USED_IN_PRECOMPS = "$(SRCROOT)/SupportingFiles/Spots-Prefix.pch";
				INFOPLIST_FILE = Spots/Info.plist;
				IPHONEOS_DEPLOYMENT_TARGET = 9.0;
				LD_RUNPATH_SEARCH_PATHS = "$(inherited) @executable_path/Frameworks";
				PRODUCT_BUNDLE_IDENTIFIER = com.jacks205.spots;
				PRODUCT_NAME = "$(TARGET_NAME)";
				SWIFT_OBJC_BRIDGING_HEADER = "$SRCROOT/Spots/SupportingFiles/Spots-Bridging-Header.h";
			};
			name = Debug;
		};
		EA06CD1E1CADF811007F5851 /* Release */ = {
			isa = XCBuildConfiguration;
			baseConfigurationReference = 05B8FE0AE9F06FDEFE2CDB9D /* Pods-Spots.release.xcconfig */;
			buildSettings = {
				ASSETCATALOG_COMPILER_APPICON_NAME = AppIcon;
				CODE_SIGN_IDENTITY = "iPhone Developer";
				GCC_PREPROCESSOR_DEFINITIONS_NOT_USED_IN_PRECOMPS = "$(SRCROOT)/SupportingFiles/Spots-Prefix.pch";
				INFOPLIST_FILE = Spots/Info.plist;
				IPHONEOS_DEPLOYMENT_TARGET = 9.0;
				LD_RUNPATH_SEARCH_PATHS = "$(inherited) @executable_path/Frameworks";
				PRODUCT_BUNDLE_IDENTIFIER = com.jacks205.spots;
				PRODUCT_NAME = "$(TARGET_NAME)";
				SWIFT_OBJC_BRIDGING_HEADER = "$SRCROOT/Spots/SupportingFiles/Spots-Bridging-Header.h";
			};
			name = Release;
		};
		EA06CD201CADF811007F5851 /* Debug */ = {
			isa = XCBuildConfiguration;
			buildSettings = {
				BUNDLE_LOADER = "$(TEST_HOST)";
				INFOPLIST_FILE = SpotsTests/Info.plist;
				LD_RUNPATH_SEARCH_PATHS = "$(inherited) @executable_path/Frameworks @loader_path/Frameworks";
				PRODUCT_BUNDLE_IDENTIFIER = com.jacks205.SpotsTests;
				PRODUCT_NAME = "$(TARGET_NAME)";
				TEST_HOST = "$(BUILT_PRODUCTS_DIR)/Spots.app/Spots";
			};
			name = Debug;
		};
		EA06CD211CADF811007F5851 /* Release */ = {
			isa = XCBuildConfiguration;
			buildSettings = {
				BUNDLE_LOADER = "$(TEST_HOST)";
				INFOPLIST_FILE = SpotsTests/Info.plist;
				LD_RUNPATH_SEARCH_PATHS = "$(inherited) @executable_path/Frameworks @loader_path/Frameworks";
				PRODUCT_BUNDLE_IDENTIFIER = com.jacks205.SpotsTests;
				PRODUCT_NAME = "$(TARGET_NAME)";
				TEST_HOST = "$(BUILT_PRODUCTS_DIR)/Spots.app/Spots";
			};
			name = Release;
		};
/* End XCBuildConfiguration section */

/* Begin XCConfigurationList section */
		EA06CCEF1CADF811007F5851 /* Build configuration list for PBXProject "Spots" */ = {
			isa = XCConfigurationList;
			buildConfigurations = (
				EA06CD1A1CADF811007F5851 /* Debug */,
				EA06CD1B1CADF811007F5851 /* Release */,
			);
			defaultConfigurationIsVisible = 0;
			defaultConfigurationName = Release;
		};
		EA06CD1C1CADF811007F5851 /* Build configuration list for PBXNativeTarget "Spots" */ = {
			isa = XCConfigurationList;
			buildConfigurations = (
				EA06CD1D1CADF811007F5851 /* Debug */,
				EA06CD1E1CADF811007F5851 /* Release */,
			);
			defaultConfigurationIsVisible = 0;
			defaultConfigurationName = Release;
		};
		EA06CD1F1CADF811007F5851 /* Build configuration list for PBXNativeTarget "SpotsTests" */ = {
			isa = XCConfigurationList;
			buildConfigurations = (
				EA06CD201CADF811007F5851 /* Debug */,
				EA06CD211CADF811007F5851 /* Release */,
			);
			defaultConfigurationIsVisible = 0;
			defaultConfigurationName = Release;
		};
/* End XCConfigurationList section */
	};
	rootObject = EA06CCEC1CADF811007F5851 /* Project object */;
}
